// !$*UTF8*$!
{
	archiveVersion = 1;
	classes = {
	};
	objectVersion = 50;
	objects = {

/* Begin PBXBuildFile section */
		CFDB38A220DC4886002D072D /* AppDelegate.swift in Sources */ = {isa = PBXBuildFile; fileRef = CFDB38A120DC4886002D072D /* AppDelegate.swift */; };
		CFDB38A420DC4886002D072D /* MasterViewController.swift in Sources */ = {isa = PBXBuildFile; fileRef = CFDB38A320DC4886002D072D /* MasterViewController.swift */; };
		CFDB38A620DC4886002D072D /* DetailViewController.swift in Sources */ = {isa = PBXBuildFile; fileRef = CFDB38A520DC4886002D072D /* DetailViewController.swift */; };
		CFDB38A920DC4886002D072D /* Main.storyboard in Resources */ = {isa = PBXBuildFile; fileRef = CFDB38A720DC4886002D072D /* Main.storyboard */; };
		CFDB38AB20DC4889002D072D /* Assets.xcassets in Resources */ = {isa = PBXBuildFile; fileRef = CFDB38AA20DC4889002D072D /* Assets.xcassets */; };
		CFDB38AE20DC4889002D072D /* LaunchScreen.storyboard in Resources */ = {isa = PBXBuildFile; fileRef = CFDB38AC20DC4889002D072D /* LaunchScreen.storyboard */; };
		CFDB38B920DC4889002D072D /* TestTests.swift in Sources */ = {isa = PBXBuildFile; fileRef = CFDB38B820DC4889002D072D /* TestTests.swift */; };
		CFDB38C420DC488A002D072D /* TestUITests.swift in Sources */ = {isa = PBXBuildFile; fileRef = CFDB38C320DC488A002D072D /* TestUITests.swift */; };
/* End PBXBuildFile section */

/* Begin PBXContainerItemProxy section */
		CFDB38B520DC4889002D072D /* PBXContainerItemProxy */ = {
			isa = PBXContainerItemProxy;
			containerPortal = CFDB389620DC4886002D072D /* Project object */;
			proxyType = 1;
			remoteGlobalIDString = CFDB389D20DC4886002D072D;
			remoteInfo = Test;
		};
		CFDB38C020DC488A002D072D /* PBXContainerItemProxy */ = {
			isa = PBXContainerItemProxy;
			containerPortal = CFDB389620DC4886002D072D /* Project object */;
			proxyType = 1;
			remoteGlobalIDString = CFDB389D20DC4886002D072D;
			remoteInfo = Test;
		};
/* End PBXContainerItemProxy section */

/* Begin PBXFileReference section */
		CFDB389E20DC4886002D072D /* Test.app */ = {isa = PBXFileReference; explicitFileType = wrapper.application; includeInIndex = 0; path = Test.app; sourceTree = BUILT_PRODUCTS_DIR; };
		CFDB38A120DC4886002D072D /* AppDelegate.swift */ = {isa = PBXFileReference; lastKnownFileType = sourcecode.swift; path = AppDelegate.swift; sourceTree = "<group>"; };
		CFDB38A320DC4886002D072D /* MasterViewController.swift */ = {isa = PBXFileReference; lastKnownFileType = sourcecode.swift; path = MasterViewController.swift; sourceTree = "<group>"; };
		CFDB38A520DC4886002D072D /* DetailViewController.swift */ = {isa = PBXFileReference; lastKnownFileType = sourcecode.swift; path = DetailViewController.swift; sourceTree = "<group>"; };
		CFDB38A820DC4886002D072D /* Base */ = {isa = PBXFileReference; lastKnownFileType = file.storyboard; name = Base; path = Base.lproj/Main.storyboard; sourceTree = "<group>"; };
		CFDB38AA20DC4889002D072D /* Assets.xcassets */ = {isa = PBXFileReference; lastKnownFileType = folder.assetcatalog; path = Assets.xcassets; sourceTree = "<group>"; };
		CFDB38AD20DC4889002D072D /* Base */ = {isa = PBXFileReference; lastKnownFileType = file.storyboard; name = Base; path = Base.lproj/LaunchScreen.storyboard; sourceTree = "<group>"; };
		CFDB38AF20DC4889002D072D /* Info.plist */ = {isa = PBXFileReference; lastKnownFileType = text.plist.xml; path = Info.plist; sourceTree = "<group>"; };
		CFDB38B420DC4889002D072D /* TestTests.xctest */ = {isa = PBXFileReference; explicitFileType = wrapper.cfbundle; includeInIndex = 0; path = TestTests.xctest; sourceTree = BUILT_PRODUCTS_DIR; };
		CFDB38B820DC4889002D072D /* TestTests.swift */ = {isa = PBXFileReference; lastKnownFileType = sourcecode.swift; path = TestTests.swift; sourceTree = "<group>"; };
		CFDB38BA20DC488A002D072D /* Info.plist */ = {isa = PBXFileReference; lastKnownFileType = text.plist.xml; path = Info.plist; sourceTree = "<group>"; };
		CFDB38BF20DC488A002D072D /* TestUITests.xctest */ = {isa = PBXFileReference; explicitFileType = wrapper.cfbundle; includeInIndex = 0; path = TestUITests.xctest; sourceTree = BUILT_PRODUCTS_DIR; };
		CFDB38C320DC488A002D072D /* TestUITests.swift */ = {isa = PBXFileReference; lastKnownFileType = sourcecode.swift; path = TestUITests.swift; sourceTree = "<group>"; };
		CFDB38C520DC488A002D072D /* Info.plist */ = {isa = PBXFileReference; lastKnownFileType = text.plist.xml; path = Info.plist; sourceTree = "<group>"; };
/* End PBXFileReference section */

/* Begin PBXFrameworksBuildPhase section */
		CFDB389B20DC4886002D072D /* Frameworks */ = {
			isa = PBXFrameworksBuildPhase;
			buildActionMask = 2147483647;
			files = (
			);
			runOnlyForDeploymentPostprocessing = 0;
		};
		CFDB38B120DC4889002D072D /* Frameworks */ = {
			isa = PBXFrameworksBuildPhase;
			buildActionMask = 2147483647;
			files = (
			);
			runOnlyForDeploymentPostprocessing = 0;
		};
		CFDB38BC20DC488A002D072D /* Frameworks */ = {
			isa = PBXFrameworksBuildPhase;
			buildActionMask = 2147483647;
			files = (
			);
			runOnlyForDeploymentPostprocessing = 0;
		};
/* End PBXFrameworksBuildPhase section */

/* Begin PBXGroup section */
		CFDB389520DC4886002D072D = {
			isa = PBXGroup;
			children = (
				CFDB38A020DC4886002D072D /* Test */,
				CFDB38B720DC4889002D072D /* TestTests */,
				CFDB38C220DC488A002D072D /* TestUITests */,
				CFDB389F20DC4886002D072D /* Products */,
			);
			sourceTree = "<group>";
		};
		CFDB389F20DC4886002D072D /* Products */ = {
			isa = PBXGroup;
			children = (
				CFDB389E20DC4886002D072D /* Test.app */,
				CFDB38B420DC4889002D072D /* TestTests.xctest */,
				CFDB38BF20DC488A002D072D /* TestUITests.xctest */,
			);
			name = Products;
			sourceTree = "<group>";
		};
		CFDB38A020DC4886002D072D /* Test */ = {
			isa = PBXGroup;
			children = (
				CFDB38A120DC4886002D072D /* AppDelegate.swift */,
				CFDB38A320DC4886002D072D /* MasterViewController.swift */,
				CFDB38A520DC4886002D072D /* DetailViewController.swift */,
				CFDB38A720DC4886002D072D /* Main.storyboard */,
				CFDB38AA20DC4889002D072D /* Assets.xcassets */,
				CFDB38AC20DC4889002D072D /* LaunchScreen.storyboard */,
				CFDB38AF20DC4889002D072D /* Info.plist */,
			);
			path = Test;
			sourceTree = "<group>";
		};
		CFDB38B720DC4889002D072D /* TestTests */ = {
			isa = PBXGroup;
			children = (
				CFDB38B820DC4889002D072D /* TestTests.swift */,
				CFDB38BA20DC488A002D072D /* Info.plist */,
			);
			path = TestTests;
			sourceTree = "<group>";
		};
		CFDB38C220DC488A002D072D /* TestUITests */ = {
			isa = PBXGroup;
			children = (
				CFDB38C320DC488A002D072D /* TestUITests.swift */,
				CFDB38C520DC488A002D072D /* Info.plist */,
			);
			path = TestUITests;
			sourceTree = "<group>";
		};
/* End PBXGroup section */

/* Begin PBXNativeTarget section */
		CFDB389D20DC4886002D072D /* Test */ = {
			isa = PBXNativeTarget;
			buildConfigurationList = CFDB38C820DC488A002D072D /* Build configuration list for PBXNativeTarget "Test" */;
			buildPhases = (
				CFDB389A20DC4886002D072D /* Sources */,
				CFDB389B20DC4886002D072D /* Frameworks */,
				CFDB389C20DC4886002D072D /* Resources */,
			);
			buildRules = (
			);
			dependencies = (
			);
			name = Test;
			productName = Test;
			productReference = CFDB389E20DC4886002D072D /* Test.app */;
			productType = "com.apple.product-type.application";
		};
		CFDB38B320DC4889002D072D /* TestTests */ = {
			isa = PBXNativeTarget;
			buildConfigurationList = CFDB38CB20DC488A002D072D /* Build configuration list for PBXNativeTarget "TestTests" */;
			buildPhases = (
				CFDB38B020DC4889002D072D /* Sources */,
				CFDB38B120DC4889002D072D /* Frameworks */,
				CFDB38B220DC4889002D072D /* Resources */,
			);
			buildRules = (
			);
			dependencies = (
				CFDB38B620DC4889002D072D /* PBXTargetDependency */,
			);
			name = TestTests;
			productName = TestTests;
			productReference = CFDB38B420DC4889002D072D /* TestTests.xctest */;
			productType = "com.apple.product-type.bundle.unit-test";
		};
		CFDB38BE20DC488A002D072D /* TestUITests */ = {
			isa = PBXNativeTarget;
			buildConfigurationList = CFDB38CE20DC488A002D072D /* Build configuration list for PBXNativeTarget "TestUITests" */;
			buildPhases = (
				CFDB38BB20DC488A002D072D /* Sources */,
				CFDB38BC20DC488A002D072D /* Frameworks */,
				CFDB38BD20DC488A002D072D /* Resources */,
			);
			buildRules = (
			);
			dependencies = (
				CFDB38C120DC488A002D072D /* PBXTargetDependency */,
			);
			name = TestUITests;
			productName = TestUITests;
			productReference = CFDB38BF20DC488A002D072D /* TestUITests.xctest */;
			productType = "com.apple.product-type.bundle.ui-testing";
		};
/* End PBXNativeTarget section */

/* Begin PBXProject section */
		CFDB389620DC4886002D072D /* Project object */ = {
			isa = PBXProject;
			attributes = {
				LastSwiftUpdateCheck = 0940;
				LastUpgradeCheck = 0940;
				ORGANIZATIONNAME = "Laurinka s.r.o.";
				TargetAttributes = {
					CFDB389D20DC4886002D072D = {
						CreatedOnToolsVersion = 9.4.1;
					};
					CFDB38B320DC4889002D072D = {
						CreatedOnToolsVersion = 9.4.1;
						TestTargetID = CFDB389D20DC4886002D072D;
					};
					CFDB38BE20DC488A002D072D = {
						CreatedOnToolsVersion = 9.4.1;
						TestTargetID = CFDB389D20DC4886002D072D;
					};
				};
			};
			buildConfigurationList = CFDB389920DC4886002D072D /* Build configuration list for PBXProject "Test" */;
			compatibilityVersion = "Xcode 9.3";
			developmentRegion = en;
			hasScannedForEncodings = 0;
			knownRegions = (
				en,
				Base,
			);
			mainGroup = CFDB389520DC4886002D072D;
			productRefGroup = CFDB389F20DC4886002D072D /* Products */;
			projectDirPath = "";
			projectRoot = "";
			targets = (
				CFDB389D20DC4886002D072D /* Test */,
				CFDB38B320DC4889002D072D /* TestTests */,
				CFDB38BE20DC488A002D072D /* TestUITests */,
			);
		};
/* End PBXProject section */

/* Begin PBXResourcesBuildPhase section */
		CFDB389C20DC4886002D072D /* Resources */ = {
			isa = PBXResourcesBuildPhase;
			buildActionMask = 2147483647;
			files = (
				CFDB38AE20DC4889002D072D /* LaunchScreen.storyboard in Resources */,
				CFDB38AB20DC4889002D072D /* Assets.xcassets in Resources */,
				CFDB38A920DC4886002D072D /* Main.storyboard in Resources */,
			);
			runOnlyForDeploymentPostprocessing = 0;
		};
		CFDB38B220DC4889002D072D /* Resources */ = {
			isa = PBXResourcesBuildPhase;
			buildActionMask = 2147483647;
			files = (
			);
			runOnlyForDeploymentPostprocessing = 0;
		};
		CFDB38BD20DC488A002D072D /* Resources */ = {
			isa = PBXResourcesBuildPhase;
			buildActionMask = 2147483647;
			files = (
			);
			runOnlyForDeploymentPostprocessing = 0;
		};
/* End PBXResourcesBuildPhase section */

/* Begin PBXSourcesBuildPhase section */
		CFDB389A20DC4886002D072D /* Sources */ = {
			isa = PBXSourcesBuildPhase;
			buildActionMask = 2147483647;
			files = (
				CFDB38A620DC4886002D072D /* DetailViewController.swift in Sources */,
				CFDB38A420DC4886002D072D /* MasterViewController.swift in Sources */,
				CFDB38A220DC4886002D072D /* AppDelegate.swift in Sources */,
			);
			runOnlyForDeploymentPostprocessing = 0;
		};
		CFDB38B020DC4889002D072D /* Sources */ = {
			isa = PBXSourcesBuildPhase;
			buildActionMask = 2147483647;
			files = (
				CFDB38B920DC4889002D072D /* TestTests.swift in Sources */,
			);
			runOnlyForDeploymentPostprocessing = 0;
		};
		CFDB38BB20DC488A002D072D /* Sources */ = {
			isa = PBXSourcesBuildPhase;
			buildActionMask = 2147483647;
			files = (
				CFDB38C420DC488A002D072D /* TestUITests.swift in Sources */,
			);
			runOnlyForDeploymentPostprocessing = 0;
		};
/* End PBXSourcesBuildPhase section */

/* Begin PBXTargetDependency section */
		CFDB38B620DC4889002D072D /* PBXTargetDependency */ = {
			isa = PBXTargetDependency;
			target = CFDB389D20DC4886002D072D /* Test */;
			targetProxy = CFDB38B520DC4889002D072D /* PBXContainerItemProxy */;
		};
		CFDB38C120DC488A002D072D /* PBXTargetDependency */ = {
			isa = PBXTargetDependency;
			target = CFDB389D20DC4886002D072D /* Test */;
			targetProxy = CFDB38C020DC488A002D072D /* PBXContainerItemProxy */;
		};
/* End PBXTargetDependency section */

/* Begin PBXVariantGroup section */
		CFDB38A720DC4886002D072D /* Main.storyboard */ = {
			isa = PBXVariantGroup;
			children = (
				CFDB38A820DC4886002D072D /* Base */,
			);
			name = Main.storyboard;
			sourceTree = "<group>";
		};
		CFDB38AC20DC4889002D072D /* LaunchScreen.storyboard */ = {
			isa = PBXVariantGroup;
			children = (
				CFDB38AD20DC4889002D072D /* Base */,
			);
			name = LaunchScreen.storyboard;
			sourceTree = "<group>";
		};
/* End PBXVariantGroup section */

/* Begin XCBuildConfiguration section */
		CFDB38C620DC488A002D072D /* Debug */ = {
			isa = XCBuildConfiguration;
			buildSettings = {
				ALWAYS_SEARCH_USER_PATHS = NO;
				CLANG_ANALYZER_NONNULL = YES;
				CLANG_ANALYZER_NUMBER_OBJECT_CONVERSION = YES_AGGRESSIVE;
				CLANG_CXX_LANGUAGE_STANDARD = "gnu++14";
				CLANG_CXX_LIBRARY = "libc++";
				CLANG_ENABLE_MODULES = YES;
				CLANG_ENABLE_OBJC_ARC = YES;
				CLANG_ENABLE_OBJC_WEAK = YES;
				CLANG_WARN_BLOCK_CAPTURE_AUTORELEASING = YES;
				CLANG_WARN_BOOL_CONVERSION = YES;
				CLANG_WARN_COMMA = YES;
				CLANG_WARN_CONSTANT_CONVERSION = YES;
				CLANG_WARN_DEPRECATED_OBJC_IMPLEMENTATIONS = YES;
				CLANG_WARN_DIRECT_OBJC_ISA_USAGE = YES_ERROR;
				CLANG_WARN_DOCUMENTATION_COMMENTS = YES;
				CLANG_WARN_EMPTY_BODY = YES;
				CLANG_WARN_ENUM_CONVERSION = YES;
				CLANG_WARN_INFINITE_RECURSION = YES;
				CLANG_WARN_INT_CONVERSION = YES;
				CLANG_WARN_NON_LITERAL_NULL_CONVERSION = YES;
				CLANG_WARN_OBJC_IMPLICIT_RETAIN_SELF = YES;
				CLANG_WARN_OBJC_LITERAL_CONVERSION = YES;
				CLANG_WARN_OBJC_ROOT_CLASS = YES_ERROR;
				CLANG_WARN_RANGE_LOOP_ANALYSIS = YES;
				CLANG_WARN_STRICT_PROTOTYPES = YES;
				CLANG_WARN_SUSPICIOUS_MOVE = YES;
				CLANG_WARN_UNGUARDED_AVAILABILITY = YES_AGGRESSIVE;
				CLANG_WARN_UNREACHABLE_CODE = YES;
				CLANG_WARN__DUPLICATE_METHOD_MATCH = YES;
				CODE_SIGN_IDENTITY = "iPhone Developer";
				COPY_PHASE_STRIP = NO;
				DEBUG_INFORMATION_FORMAT = dwarf;
				ENABLE_STRICT_OBJC_MSGSEND = YES;
				ENABLE_TESTABILITY = YES;
				GCC_C_LANGUAGE_STANDARD = gnu11;
				GCC_DYNAMIC_NO_PIC = NO;
				GCC_NO_COMMON_BLOCKS = YES;
				GCC_OPTIMIZATION_LEVEL = 0;
				GCC_PREPROCESSOR_DEFINITIONS = (
					"DEBUG=1",
					"$(inherited)",
				);
				GCC_WARN_64_TO_32_BIT_CONVERSION = YES;
				GCC_WARN_ABOUT_RETURN_TYPE = YES_ERROR;
				GCC_WARN_UNDECLARED_SELECTOR = YES;
				GCC_WARN_UNINITIALIZED_AUTOS = YES_AGGRESSIVE;
				GCC_WARN_UNUSED_FUNCTION = YES;
				GCC_WARN_UNUSED_VARIABLE = YES;
				IPHONEOS_DEPLOYMENT_TARGET = 11.4;
				MTL_ENABLE_DEBUG_INFO = YES;
				ONLY_ACTIVE_ARCH = YES;
				SDKROOT = iphoneos;
				SWIFT_ACTIVE_COMPILATION_CONDITIONS = DEBUG;
				SWIFT_OPTIMIZATION_LEVEL = "-Onone";
			};
			name = Debug;
		};
		CFDB38C720DC488A002D072D /* Release */ = {
			isa = XCBuildConfiguration;
			buildSettings = {
				ALWAYS_SEARCH_USER_PATHS = NO;
				CLANG_ANALYZER_NONNULL = YES;
				CLANG_ANALYZER_NUMBER_OBJECT_CONVERSION = YES_AGGRESSIVE;
				CLANG_CXX_LANGUAGE_STANDARD = "gnu++14";
				CLANG_CXX_LIBRARY = "libc++";
				CLANG_ENABLE_MODULES = YES;
				CLANG_ENABLE_OBJC_ARC = YES;
				CLANG_ENABLE_OBJC_WEAK = YES;
				CLANG_WARN_BLOCK_CAPTURE_AUTORELEASING = YES;
				CLANG_WARN_BOOL_CONVERSION = YES;
				CLANG_WARN_COMMA = YES;
				CLANG_WARN_CONSTANT_CONVERSION = YES;
				CLANG_WARN_DEPRECATED_OBJC_IMPLEMENTATIONS = YES;
				CLANG_WARN_DIRECT_OBJC_ISA_USAGE = YES_ERROR;
				CLANG_WARN_DOCUMENTATION_COMMENTS = YES;
				CLANG_WARN_EMPTY_BODY = YES;
				CLANG_WARN_ENUM_CONVERSION = YES;
				CLANG_WARN_INFINITE_RECURSION = YES;
				CLANG_WARN_INT_CONVERSION = YES;
				CLANG_WARN_NON_LITERAL_NULL_CONVERSION = YES;
				CLANG_WARN_OBJC_IMPLICIT_RETAIN_SELF = YES;
				CLANG_WARN_OBJC_LITERAL_CONVERSION = YES;
				CLANG_WARN_OBJC_ROOT_CLASS = YES_ERROR;
				CLANG_WARN_RANGE_LOOP_ANALYSIS = YES;
				CLANG_WARN_STRICT_PROTOTYPES = YES;
				CLANG_WARN_SUSPICIOUS_MOVE = YES;
				CLANG_WARN_UNGUARDED_AVAILABILITY = YES_AGGRESSIVE;
				CLANG_WARN_UNREACHABLE_CODE = YES;
				CLANG_WARN__DUPLICATE_METHOD_MATCH = YES;
				CODE_SIGN_IDENTITY = "iPhone Developer";
				COPY_PHASE_STRIP = NO;
				DEBUG_INFORMATION_FORMAT = "dwarf-with-dsym";
				ENABLE_NS_ASSERTIONS = NO;
				ENABLE_STRICT_OBJC_MSGSEND = YES;
				GCC_C_LANGUAGE_STANDARD = gnu11;
				GCC_NO_COMMON_BLOCKS = YES;
				GCC_WARN_64_TO_32_BIT_CONVERSION = YES;
				GCC_WARN_ABOUT_RETURN_TYPE = YES_ERROR;
				GCC_WARN_UNDECLARED_SELECTOR = YES;
				GCC_WARN_UNINITIALIZED_AUTOS = YES_AGGRESSIVE;
				GCC_WARN_UNUSED_FUNCTION = YES;
				GCC_WARN_UNUSED_VARIABLE = YES;
				IPHONEOS_DEPLOYMENT_TARGET = 11.4;
				MTL_ENABLE_DEBUG_INFO = NO;
				SDKROOT = iphoneos;
				SWIFT_COMPILATION_MODE = wholemodule;
				SWIFT_OPTIMIZATION_LEVEL = "-O";
				VALIDATE_PRODUCT = YES;
			};
			name = Release;
		};
		CFDB38C920DC488A002D072D /* Debug */ = {
			isa = XCBuildConfiguration;
			buildSettings = {
				ASSETCATALOG_COMPILER_APPICON_NAME = AppIcon;
				CODE_SIGN_STYLE = Automatic;
				INFOPLIST_FILE = Test/Info.plist;
				LD_RUNPATH_SEARCH_PATHS = (
					"$(inherited)",
					"@executable_path/Frameworks",
				);
				PRODUCT_BUNDLE_IDENTIFIER = com.laurinka.Test;
				PRODUCT_NAME = "$(TARGET_NAME)";
				SWIFT_VERSION = 4.0;
				TARGETED_DEVICE_FAMILY = "1,2";
			};
			name = Debug;
		};
		CFDB38CA20DC488A002D072D /* Release */ = {
			isa = XCBuildConfiguration;
			buildSettings = {
				ASSETCATALOG_COMPILER_APPICON_NAME = AppIcon;
				CODE_SIGN_STYLE = Automatic;
				INFOPLIST_FILE = Test/Info.plist;
				LD_RUNPATH_SEARCH_PATHS = (
					"$(inherited)",
					"@executable_path/Frameworks",
				);
				PRODUCT_BUNDLE_IDENTIFIER = com.laurinka.Test;
				PRODUCT_NAME = "$(TARGET_NAME)";
				SWIFT_VERSION = 4.0;
				TARGETED_DEVICE_FAMILY = "1,2";
			};
			name = Release;
		};
		CFDB38CC20DC488A002D072D /* Debug */ = {
			isa = XCBuildConfiguration;
			buildSettings = {
				ALWAYS_EMBED_SWIFT_STANDARD_LIBRARIES = YES;
				BUNDLE_LOADER = "$(TEST_HOST)";
				CODE_SIGN_STYLE = Automatic;
				INFOPLIST_FILE = TestTests/Info.plist;
				LD_RUNPATH_SEARCH_PATHS = (
					"$(inherited)",
					"@executable_path/Frameworks",
					"@loader_path/Frameworks",
				);
				PRODUCT_BUNDLE_IDENTIFIER = com.laurinka.TestTests;
				PRODUCT_NAME = "$(TARGET_NAME)";
				SWIFT_VERSION = 4.0;
				TARGETED_DEVICE_FAMILY = "1,2";
				TEST_HOST = "$(BUILT_PRODUCTS_DIR)/Test.app/Test";
			};
			name = Debug;
		};
		CFDB38CD20DC488A002D072D /* Release */ = {
			isa = XCBuildConfiguration;
			buildSettings = {
				ALWAYS_EMBED_SWIFT_STANDARD_LIBRARIES = YES;
				BUNDLE_LOADER = "$(TEST_HOST)";
				CODE_SIGN_STYLE = Automatic;
				INFOPLIST_FILE = TestTests/Info.plist;
				LD_RUNPATH_SEARCH_PATHS = (
					"$(inherited)",
					"@executable_path/Frameworks",
					"@loader_path/Frameworks",
				);
				PRODUCT_BUNDLE_IDENTIFIER = com.laurinka.TestTests;
				PRODUCT_NAME = "$(TARGET_NAME)";
				SWIFT_VERSION = 4.0;
				TARGETED_DEVICE_FAMILY = "1,2";
				TEST_HOST = "$(BUILT_PRODUCTS_DIR)/Test.app/Test";
			};
			name = Release;
		};
		CFDB38CF20DC488A002D072D /* Debug */ = {
			isa = XCBuildConfiguration;
			buildSettings = {
				ALWAYS_EMBED_SWIFT_STANDARD_LIBRARIES = YES;
				CODE_SIGN_STYLE = Automatic;
				INFOPLIST_FILE = TestUITests/Info.plist;
				LD_RUNPATH_SEARCH_PATHS = (
					"$(inherited)",
					"@executable_path/Frameworks",
					"@loader_path/Frameworks",
				);
				PRODUCT_BUNDLE_IDENTIFIER = com.laurinka.TestUITests;
				PRODUCT_NAME = "$(TARGET_NAME)";
				SWIFT_VERSION = 4.0;
				TARGETED_DEVICE_FAMILY = "1,2";
				TEST_TARGET_NAME = Test;
			};
			name = Debug;
		};
		CFDB38D020DC488A002D072D /* Release */ = {
			isa = XCBuildConfiguration;
			buildSettings = {
				ALWAYS_EMBED_SWIFT_STANDARD_LIBRARIES = YES;
				CODE_SIGN_STYLE = Automatic;
				INFOPLIST_FILE = TestUITests/Info.plist;
				LD_RUNPATH_SEARCH_PATHS = (
					"$(inherited)",
					"@executable_path/Frameworks",
					"@loader_path/Frameworks",
				);
				PRODUCT_BUNDLE_IDENTIFIER = com.laurinka.TestUITests;
				PRODUCT_NAME = "$(TARGET_NAME)";
				SWIFT_VERSION = 4.0;
				TARGETED_DEVICE_FAMILY = "1,2";
				TEST_TARGET_NAME = Test;
			};
			name = Release;
		};
/* End XCBuildConfiguration section */

/* Begin XCConfigurationList section */
		CFDB389920DC4886002D072D /* Build configuration list for PBXProject "Test" */ = {
			isa = XCConfigurationList;
			buildConfigurations = (
				CFDB38C620DC488A002D072D /* Debug */,
				CFDB38C720DC488A002D072D /* Release */,
			);
			defaultConfigurationIsVisible = 0;
			defaultConfigurationName = Release;
		};
		CFDB38C820DC488A002D072D /* Build configuration list for PBXNativeTarget "Test" */ = {
			isa = XCConfigurationList;
			buildConfigurations = (
				CFDB38C920DC488A002D072D /* Debug */,
				CFDB38CA20DC488A002D072D /* Release */,
			);
			defaultConfigurationIsVisible = 0;
			defaultConfigurationName = Release;
		};
		CFDB38CB20DC488A002D072D /* Build configuration list for PBXNativeTarget "TestTests" */ = {
			isa = XCConfigurationList;
			buildConfigurations = (
				CFDB38CC20DC488A002D072D /* Debug */,
				CFDB38CD20DC488A002D072D /* Release */,
			);
			defaultConfigurationIsVisible = 0;
			defaultConfigurationName = Release;
		};
		CFDB38CE20DC488A002D072D /* Build configuration list for PBXNativeTarget "TestUITests" */ = {
			isa = XCConfigurationList;
			buildConfigurations = (
				CFDB38CF20DC488A002D072D /* Debug */,
				CFDB38D020DC488A002D072D /* Release */,
			);
			defaultConfigurationIsVisible = 0;
			defaultConfigurationName = Release;
		};
/* End XCConfigurationList section */
	};
	rootObject = CFDB389620DC4886002D072D /* Project object */;
}
